// !$*UTF8*$!
{
	archiveVersion = 1;
	classes = {
	};
	objectVersion = 56;
	objects = {

/* Begin PBXBuildFile section */
		3B131C292C9D51EE0053E697 /* Season.swift in Sources */ = {isa = PBXBuildFile; fileRef = 3B131C272C9D51EE0053E697 /* Season.swift */; };
		3B131C2A2C9D51EE0053E697 /* BannerMovie.swift in Sources */ = {isa = PBXBuildFile; fileRef = 3B131C1F2C9D51EE0053E697 /* BannerMovie.swift */; };
		3B131C2B2C9D51EE0053E697 /* Genre.swift in Sources */ = {isa = PBXBuildFile; fileRef = 3B131C222C9D51EE0053E697 /* Genre.swift */; };
		3B131C2C2C9D51EE0053E697 /* Profile.swift in Sources */ = {isa = PBXBuildFile; fileRef = 3B131C252C9D51EE0053E697 /* Profile.swift */; };
		3B131C2D2C9D51EE0053E697 /* Movie.swift in Sources */ = {isa = PBXBuildFile; fileRef = 3B131C242C9D51EE0053E697 /* Movie.swift */; };
		3B131C2E2C9D51EE0053E697 /* CategoryAge.swift in Sources */ = {isa = PBXBuildFile; fileRef = 3B131C212C9D51EE0053E697 /* CategoryAge.swift */; };
		3B131C2F2C9D51EE0053E697 /* Category.swift in Sources */ = {isa = PBXBuildFile; fileRef = 3B131C202C9D51EE0053E697 /* Category.swift */; };
		3B131C302C9D51EE0053E697 /* MainMovies.swift in Sources */ = {isa = PBXBuildFile; fileRef = 3B131C232C9D51EE0053E697 /* MainMovies.swift */; };
		3B131C312C9D51EE0053E697 /* Screenshot.swift in Sources */ = {isa = PBXBuildFile; fileRef = 3B131C262C9D51EE0053E697 /* Screenshot.swift */; };
		3B131C342C9D51F10053E697 /* Storage.swift in Sources */ = {isa = PBXBuildFile; fileRef = 3B131C322C9D51F10053E697 /* Storage.swift */; };
		3B131C372C9D522A0053E697 /* Urls.swift in Sources */ = {isa = PBXBuildFile; fileRef = 3B131C352C9D522A0053E697 /* Urls.swift */; };
		3B131C3D2C9D522A0053E697 /* FavoriteViewController.swift in Sources */ = {isa = PBXBuildFile; fileRef = 3B131C382C9D522A0053E697 /* FavoriteViewController.swift */; };
		3B131C3E2C9D522A0053E697 /* HomeViewController.swift in Sources */ = {isa = PBXBuildFile; fileRef = 3B131C392C9D522A0053E697 /* HomeViewController.swift */; };
		3B131C3F2C9D522A0053E697 /* ProfileViewController.swift in Sources */ = {isa = PBXBuildFile; fileRef = 3B131C3A2C9D522A0053E697 /* ProfileViewController.swift */; };
		3B131C402C9D522A0053E697 /* SearchViewController.swift in Sources */ = {isa = PBXBuildFile; fileRef = 3B131C3B2C9D522A0053E697 /* SearchViewController.swift */; };
		3B131C462C9D522A0053E697 /* SF-Pro-Display-Bold.otf in Resources */ = {isa = PBXBuildFile; fileRef = 3B131C412C9D522A0053E697 /* SF-Pro-Display-Bold.otf */; };
		3B131C472C9D522A0053E697 /* SF-Pro-Display-Medium.otf in Resources */ = {isa = PBXBuildFile; fileRef = 3B131C422C9D522A0053E697 /* SF-Pro-Display-Medium.otf */; };
		3B131C482C9D522A0053E697 /* SF-Pro-Display-Regular.otf in Resources */ = {isa = PBXBuildFile; fileRef = 3B131C432C9D522A0053E697 /* SF-Pro-Display-Regular.otf */; };
		3B131C492C9D522A0053E697 /* SF-Pro-Display-Semibold.otf in Resources */ = {isa = PBXBuildFile; fileRef = 3B131C442C9D522A0053E697 /* SF-Pro-Display-Semibold.otf */; };
		3B5173802C9D2A8900E988E5 /* AppDelegate.swift in Sources */ = {isa = PBXBuildFile; fileRef = 3B51737F2C9D2A8900E988E5 /* AppDelegate.swift */; };
		3B5173822C9D2A8900E988E5 /* SceneDelegate.swift in Sources */ = {isa = PBXBuildFile; fileRef = 3B5173812C9D2A8900E988E5 /* SceneDelegate.swift */; };
		3B5173892C9D2A8A00E988E5 /* Assets.xcassets in Resources */ = {isa = PBXBuildFile; fileRef = 3B5173882C9D2A8A00E988E5 /* Assets.xcassets */; };
		3B51738C2C9D2A8A00E988E5 /* Base in Resources */ = {isa = PBXBuildFile; fileRef = 3B51738B2C9D2A8A00E988E5 /* Base */; };
		3B5173942C9D2C4900E988E5 /* TabBarController.swift in Sources */ = {isa = PBXBuildFile; fileRef = 3B5173932C9D2C4900E988E5 /* TabBarController.swift */; };
		3BC7C04C2C9D383100BEB965 /* MovieTableViewCell.swift in Sources */ = {isa = PBXBuildFile; fileRef = 3BC7C04B2C9D383100BEB965 /* MovieTableViewCell.swift */; };
		3BC7C0742C9D46DA00BEB965 /* Localizable.strings in Resources */ = {isa = PBXBuildFile; fileRef = 3BC7C0732C9D46DA00BEB965 /* Localizable.strings */; };
		B8B3CB654DA023CED1B36B9C /* Pods_Ozinshe_SnapKit.framework in Frameworks */ = {isa = PBXBuildFile; fileRef = 11CCBA2B50FEE9788A112ECC /* Pods_Ozinshe_SnapKit.framework */; };
/* End PBXBuildFile section */

/* Begin PBXFileReference section */
		064E9F0378BCC931C454363D /* Pods-Ozinshe-SnapKit.debug.xcconfig */ = {isa = PBXFileReference; includeInIndex = 1; lastKnownFileType = text.xcconfig; name = "Pods-Ozinshe-SnapKit.debug.xcconfig"; path = "Target Support Files/Pods-Ozinshe-SnapKit/Pods-Ozinshe-SnapKit.debug.xcconfig"; sourceTree = "<group>"; };
		11CCBA2B50FEE9788A112ECC /* Pods_Ozinshe_SnapKit.framework */ = {isa = PBXFileReference; explicitFileType = wrapper.framework; includeInIndex = 0; path = Pods_Ozinshe_SnapKit.framework; sourceTree = BUILT_PRODUCTS_DIR; };
		1616243F768B7DFC96557762 /* Pods-Ozinshe-SnapKit.release.xcconfig */ = {isa = PBXFileReference; includeInIndex = 1; lastKnownFileType = text.xcconfig; name = "Pods-Ozinshe-SnapKit.release.xcconfig"; path = "Target Support Files/Pods-Ozinshe-SnapKit/Pods-Ozinshe-SnapKit.release.xcconfig"; sourceTree = "<group>"; };
		3B131C1F2C9D51EE0053E697 /* BannerMovie.swift */ = {isa = PBXFileReference; lastKnownFileType = sourcecode.swift; path = BannerMovie.swift; sourceTree = "<group>"; };
		3B131C202C9D51EE0053E697 /* Category.swift */ = {isa = PBXFileReference; lastKnownFileType = sourcecode.swift; path = Category.swift; sourceTree = "<group>"; };
		3B131C212C9D51EE0053E697 /* CategoryAge.swift */ = {isa = PBXFileReference; lastKnownFileType = sourcecode.swift; path = CategoryAge.swift; sourceTree = "<group>"; };
		3B131C222C9D51EE0053E697 /* Genre.swift */ = {isa = PBXFileReference; lastKnownFileType = sourcecode.swift; path = Genre.swift; sourceTree = "<group>"; };
		3B131C232C9D51EE0053E697 /* MainMovies.swift */ = {isa = PBXFileReference; lastKnownFileType = sourcecode.swift; path = MainMovies.swift; sourceTree = "<group>"; };
		3B131C242C9D51EE0053E697 /* Movie.swift */ = {isa = PBXFileReference; lastKnownFileType = sourcecode.swift; path = Movie.swift; sourceTree = "<group>"; };
		3B131C252C9D51EE0053E697 /* Profile.swift */ = {isa = PBXFileReference; lastKnownFileType = sourcecode.swift; path = Profile.swift; sourceTree = "<group>"; };
		3B131C262C9D51EE0053E697 /* Screenshot.swift */ = {isa = PBXFileReference; lastKnownFileType = sourcecode.swift; path = Screenshot.swift; sourceTree = "<group>"; };
		3B131C272C9D51EE0053E697 /* Season.swift */ = {isa = PBXFileReference; lastKnownFileType = sourcecode.swift; path = Season.swift; sourceTree = "<group>"; };
		3B131C322C9D51F10053E697 /* Storage.swift */ = {isa = PBXFileReference; lastKnownFileType = sourcecode.swift; path = Storage.swift; sourceTree = "<group>"; };
		3B131C352C9D522A0053E697 /* Urls.swift */ = {isa = PBXFileReference; lastKnownFileType = sourcecode.swift; path = Urls.swift; sourceTree = "<group>"; };
		3B131C382C9D522A0053E697 /* FavoriteViewController.swift */ = {isa = PBXFileReference; lastKnownFileType = sourcecode.swift; path = FavoriteViewController.swift; sourceTree = "<group>"; };
		3B131C392C9D522A0053E697 /* HomeViewController.swift */ = {isa = PBXFileReference; lastKnownFileType = sourcecode.swift; path = HomeViewController.swift; sourceTree = "<group>"; };
		3B131C3A2C9D522A0053E697 /* ProfileViewController.swift */ = {isa = PBXFileReference; lastKnownFileType = sourcecode.swift; path = ProfileViewController.swift; sourceTree = "<group>"; };
		3B131C3B2C9D522A0053E697 /* SearchViewController.swift */ = {isa = PBXFileReference; lastKnownFileType = sourcecode.swift; path = SearchViewController.swift; sourceTree = "<group>"; };
		3B131C412C9D522A0053E697 /* SF-Pro-Display-Bold.otf */ = {isa = PBXFileReference; lastKnownFileType = file; path = "SF-Pro-Display-Bold.otf"; sourceTree = "<group>"; };
		3B131C422C9D522A0053E697 /* SF-Pro-Display-Medium.otf */ = {isa = PBXFileReference; lastKnownFileType = file; path = "SF-Pro-Display-Medium.otf"; sourceTree = "<group>"; };
		3B131C432C9D522A0053E697 /* SF-Pro-Display-Regular.otf */ = {isa = PBXFileReference; lastKnownFileType = file; path = "SF-Pro-Display-Regular.otf"; sourceTree = "<group>"; };
		3B131C442C9D522A0053E697 /* SF-Pro-Display-Semibold.otf */ = {isa = PBXFileReference; lastKnownFileType = file; path = "SF-Pro-Display-Semibold.otf"; sourceTree = "<group>"; };
		3B51737C2C9D2A8900E988E5 /* Ozinshe-SnapKit.app */ = {isa = PBXFileReference; explicitFileType = wrapper.application; includeInIndex = 0; path = "Ozinshe-SnapKit.app"; sourceTree = BUILT_PRODUCTS_DIR; };
		3B51737F2C9D2A8900E988E5 /* AppDelegate.swift */ = {isa = PBXFileReference; lastKnownFileType = sourcecode.swift; path = AppDelegate.swift; sourceTree = "<group>"; };
		3B5173812C9D2A8900E988E5 /* SceneDelegate.swift */ = {isa = PBXFileReference; lastKnownFileType = sourcecode.swift; path = SceneDelegate.swift; sourceTree = "<group>"; };
		3B5173882C9D2A8A00E988E5 /* Assets.xcassets */ = {isa = PBXFileReference; lastKnownFileType = folder.assetcatalog; path = Assets.xcassets; sourceTree = "<group>"; };
		3B51738B2C9D2A8A00E988E5 /* Base */ = {isa = PBXFileReference; lastKnownFileType = file.storyboard; name = Base; path = Base.lproj/LaunchScreen.storyboard; sourceTree = "<group>"; };
		3B51738D2C9D2A8A00E988E5 /* Info.plist */ = {isa = PBXFileReference; lastKnownFileType = text.plist.xml; path = Info.plist; sourceTree = "<group>"; };
		3B5173932C9D2C4900E988E5 /* TabBarController.swift */ = {isa = PBXFileReference; lastKnownFileType = sourcecode.swift; path = TabBarController.swift; sourceTree = "<group>"; };
		3BC7C04B2C9D383100BEB965 /* MovieTableViewCell.swift */ = {isa = PBXFileReference; lastKnownFileType = sourcecode.swift; path = MovieTableViewCell.swift; sourceTree = "<group>"; };
		3BC7C0702C9D46DA00BEB965 /* Localizable.strings */ = {isa = PBXFileReference; lastKnownFileType = text.plist.strings; name = Localizable.strings; path = en.lproj/Localizable.strings; sourceTree = "<group>"; };
		3BC7C0712C9D46DA00BEB965 /* Localizable.strings */ = {isa = PBXFileReference; lastKnownFileType = text.plist.strings; name = Localizable.strings; path = ru.lproj/Localizable.strings; sourceTree = "<group>"; };
		3BC7C0722C9D46DA00BEB965 /* Localizable.strings */ = {isa = PBXFileReference; lastKnownFileType = text.plist.strings; name = Localizable.strings; path = kk.lproj/Localizable.strings; sourceTree = "<group>"; };
/* End PBXFileReference section */

/* Begin PBXFrameworksBuildPhase section */
		3B5173792C9D2A8900E988E5 /* Frameworks */ = {
			isa = PBXFrameworksBuildPhase;
			buildActionMask = 2147483647;
			files = (
				B8B3CB654DA023CED1B36B9C /* Pods_Ozinshe_SnapKit.framework in Frameworks */,
			);
			runOnlyForDeploymentPostprocessing = 0;
		};
/* End PBXFrameworksBuildPhase section */

/* Begin PBXGroup section */
		09111848FF66E547A1930D18 /* Frameworks */ = {
			isa = PBXGroup;
			children = (
				11CCBA2B50FEE9788A112ECC /* Pods_Ozinshe_SnapKit.framework */,
			);
			name = Frameworks;
			sourceTree = "<group>";
		};
		3B131C282C9D51EE0053E697 /* Model */ = {
			isa = PBXGroup;
			children = (
				3B131C1F2C9D51EE0053E697 /* BannerMovie.swift */,
				3B131C202C9D51EE0053E697 /* Category.swift */,
				3B131C212C9D51EE0053E697 /* CategoryAge.swift */,
				3B131C222C9D51EE0053E697 /* Genre.swift */,
				3B131C232C9D51EE0053E697 /* MainMovies.swift */,
				3B131C242C9D51EE0053E697 /* Movie.swift */,
				3B131C252C9D51EE0053E697 /* Profile.swift */,
				3B131C262C9D51EE0053E697 /* Screenshot.swift */,
				3B131C272C9D51EE0053E697 /* Season.swift */,
			);
			path = Model;
			sourceTree = "<group>";
		};
		3B131C332C9D51F10053E697 /* SharedInstance */ = {
			isa = PBXGroup;
			children = (
				3B131C322C9D51F10053E697 /* Storage.swift */,
			);
			path = SharedInstance;
			sourceTree = "<group>";
		};
		3B131C362C9D522A0053E697 /* Static */ = {
			isa = PBXGroup;
			children = (
				3B131C352C9D522A0053E697 /* Urls.swift */,
			);
			path = Static;
			sourceTree = "<group>";
		};
		3B131C3C2C9D522A0053E697 /* Controllers */ = {
			isa = PBXGroup;
			children = (
				3B131C382C9D522A0053E697 /* FavoriteViewController.swift */,
				3B131C392C9D522A0053E697 /* HomeViewController.swift */,
				3B131C3A2C9D522A0053E697 /* ProfileViewController.swift */,
				3B131C3B2C9D522A0053E697 /* SearchViewController.swift */,
			);
			path = Controllers;
			sourceTree = "<group>";
		};
		3B131C452C9D522A0053E697 /* Fonts */ = {
			isa = PBXGroup;
			children = (
				3B131C412C9D522A0053E697 /* SF-Pro-Display-Bold.otf */,
				3B131C422C9D522A0053E697 /* SF-Pro-Display-Medium.otf */,
				3B131C432C9D522A0053E697 /* SF-Pro-Display-Regular.otf */,
				3B131C442C9D522A0053E697 /* SF-Pro-Display-Semibold.otf */,
			);
			path = Fonts;
			sourceTree = "<group>";
		};
		3B5173732C9D2A8900E988E5 = {
			isa = PBXGroup;
			children = (
				3B131C282C9D51EE0053E697 /* Model */,
				3B131C332C9D51F10053E697 /* SharedInstance */,
				3B51737E2C9D2A8900E988E5 /* Ozinshe-SnapKit */,
				3B51737D2C9D2A8900E988E5 /* Products */,
				68D382893E1119F6CFD70FBF /* Pods */,
				09111848FF66E547A1930D18 /* Frameworks */,
			);
			sourceTree = "<group>";
		};
		3B51737D2C9D2A8900E988E5 /* Products */ = {
			isa = PBXGroup;
			children = (
				3B51737C2C9D2A8900E988E5 /* Ozinshe-SnapKit.app */,
			);
			name = Products;
			sourceTree = "<group>";
		};
		3B51737E2C9D2A8900E988E5 /* Ozinshe-SnapKit */ = {
			isa = PBXGroup;
			children = (
				3B131C362C9D522A0053E697 /* Static */,
				3B131C3C2C9D522A0053E697 /* Controllers */,
				3B131C452C9D522A0053E697 /* Fonts */,
				3B51737F2C9D2A8900E988E5 /* AppDelegate.swift */,
				3B5173812C9D2A8900E988E5 /* SceneDelegate.swift */,
				3B5173932C9D2C4900E988E5 /* TabBarController.swift */,
				3BC7C04B2C9D383100BEB965 /* MovieTableViewCell.swift */,
				3B5173882C9D2A8A00E988E5 /* Assets.xcassets */,
				3B51738A2C9D2A8A00E988E5 /* LaunchScreen.storyboard */,
				3B51738D2C9D2A8A00E988E5 /* Info.plist */,
				3BC7C0732C9D46DA00BEB965 /* Localizable.strings */,
			);
			path = "Ozinshe-SnapKit";
			sourceTree = "<group>";
		};
		68D382893E1119F6CFD70FBF /* Pods */ = {
			isa = PBXGroup;
			children = (
				064E9F0378BCC931C454363D /* Pods-Ozinshe-SnapKit.debug.xcconfig */,
				1616243F768B7DFC96557762 /* Pods-Ozinshe-SnapKit.release.xcconfig */,
			);
			path = Pods;
			sourceTree = "<group>";
		};
/* End PBXGroup section */

/* Begin PBXNativeTarget section */
		3B51737B2C9D2A8900E988E5 /* Ozinshe-SnapKit */ = {
			isa = PBXNativeTarget;
			buildConfigurationList = 3B5173902C9D2A8A00E988E5 /* Build configuration list for PBXNativeTarget "Ozinshe-SnapKit" */;
			buildPhases = (
				33988C0DE0EEB185C707F418 /* [CP] Check Pods Manifest.lock */,
				3B5173782C9D2A8900E988E5 /* Sources */,
				3B5173792C9D2A8900E988E5 /* Frameworks */,
				3B51737A2C9D2A8900E988E5 /* Resources */,
				E3160783F567ED85C13911FA /* [CP] Embed Pods Frameworks */,
			);
			buildRules = (
			);
			dependencies = (
			);
			name = "Ozinshe-SnapKit";
			productName = "Ozinshe-SnapKit";
			productReference = 3B51737C2C9D2A8900E988E5 /* Ozinshe-SnapKit.app */;
			productType = "com.apple.product-type.application";
		};
/* End PBXNativeTarget section */

/* Begin PBXProject section */
		3B5173742C9D2A8900E988E5 /* Project object */ = {
			isa = PBXProject;
			attributes = {
				BuildIndependentTargetsInParallel = 1;
				LastSwiftUpdateCheck = 1540;
				LastUpgradeCheck = 1540;
				TargetAttributes = {
					3B51737B2C9D2A8900E988E5 = {
						CreatedOnToolsVersion = 15.4;
					};
				};
			};
			buildConfigurationList = 3B5173772C9D2A8900E988E5 /* Build configuration list for PBXProject "Ozinshe-SnapKit" */;
			compatibilityVersion = "Xcode 14.0";
			developmentRegion = en;
			hasScannedForEncodings = 0;
			knownRegions = (
				en,
				Base,
				ru,
				kk,
			);
			mainGroup = 3B5173732C9D2A8900E988E5;
			productRefGroup = 3B51737D2C9D2A8900E988E5 /* Products */;
			projectDirPath = "";
			projectRoot = "";
			targets = (
				3B51737B2C9D2A8900E988E5 /* Ozinshe-SnapKit */,
			);
		};
/* End PBXProject section */

/* Begin PBXResourcesBuildPhase section */
		3B51737A2C9D2A8900E988E5 /* Resources */ = {
			isa = PBXResourcesBuildPhase;
			buildActionMask = 2147483647;
			files = (
				3B131C462C9D522A0053E697 /* SF-Pro-Display-Bold.otf in Resources */,
				3B131C472C9D522A0053E697 /* SF-Pro-Display-Medium.otf in Resources */,
				3B131C482C9D522A0053E697 /* SF-Pro-Display-Regular.otf in Resources */,
				3B131C492C9D522A0053E697 /* SF-Pro-Display-Semibold.otf in Resources */,
				3B5173892C9D2A8A00E988E5 /* Assets.xcassets in Resources */,
				3BC7C0742C9D46DA00BEB965 /* Localizable.strings in Resources */,
				3B51738C2C9D2A8A00E988E5 /* Base in Resources */,
			);
			runOnlyForDeploymentPostprocessing = 0;
		};
/* End PBXResourcesBuildPhase section */

/* Begin PBXShellScriptBuildPhase section */
		33988C0DE0EEB185C707F418 /* [CP] Check Pods Manifest.lock */ = {
			isa = PBXShellScriptBuildPhase;
			buildActionMask = 2147483647;
			files = (
			);
			inputFileListPaths = (
			);
			inputPaths = (
				"${PODS_PODFILE_DIR_PATH}/Podfile.lock",
				"${PODS_ROOT}/Manifest.lock",
			);
			name = "[CP] Check Pods Manifest.lock";
			outputFileListPaths = (
			);
			outputPaths = (
				"$(DERIVED_FILE_DIR)/Pods-Ozinshe-SnapKit-checkManifestLockResult.txt",
			);
			runOnlyForDeploymentPostprocessing = 0;
			shellPath = /bin/sh;
			shellScript = "diff \"${PODS_PODFILE_DIR_PATH}/Podfile.lock\" \"${PODS_ROOT}/Manifest.lock\" > /dev/null\nif [ $? != 0 ] ; then\n    # print error to STDERR\n    echo \"error: The sandbox is not in sync with the Podfile.lock. Run 'pod install' or update your CocoaPods installation.\" >&2\n    exit 1\nfi\n# This output is used by Xcode 'outputs' to avoid re-running this script phase.\necho \"SUCCESS\" > \"${SCRIPT_OUTPUT_FILE_0}\"\n";
			showEnvVarsInLog = 0;
		};
		E3160783F567ED85C13911FA /* [CP] Embed Pods Frameworks */ = {
			isa = PBXShellScriptBuildPhase;
			buildActionMask = 2147483647;
			files = (
			);
			inputFileListPaths = (
				"${PODS_ROOT}/Target Support Files/Pods-Ozinshe-SnapKit/Pods-Ozinshe-SnapKit-frameworks-${CONFIGURATION}-input-files.xcfilelist",
			);
			name = "[CP] Embed Pods Frameworks";
			outputFileListPaths = (
				"${PODS_ROOT}/Target Support Files/Pods-Ozinshe-SnapKit/Pods-Ozinshe-SnapKit-frameworks-${CONFIGURATION}-output-files.xcfilelist",
			);
			runOnlyForDeploymentPostprocessing = 0;
			shellPath = /bin/sh;
			shellScript = "\"${PODS_ROOT}/Target Support Files/Pods-Ozinshe-SnapKit/Pods-Ozinshe-SnapKit-frameworks.sh\"\n";
			showEnvVarsInLog = 0;
		};
/* End PBXShellScriptBuildPhase section */

/* Begin PBXSourcesBuildPhase section */
		3B5173782C9D2A8900E988E5 /* Sources */ = {
			isa = PBXSourcesBuildPhase;
			buildActionMask = 2147483647;
			files = (
				3B131C342C9D51F10053E697 /* Storage.swift in Sources */,
				3B131C3D2C9D522A0053E697 /* FavoriteViewController.swift in Sources */,
				3B131C3E2C9D522A0053E697 /* HomeViewController.swift in Sources */,
				3B131C3F2C9D522A0053E697 /* ProfileViewController.swift in Sources */,
				3B131C402C9D522A0053E697 /* SearchViewController.swift in Sources */,
				3B131C372C9D522A0053E697 /* Urls.swift in Sources */,
				3B131C292C9D51EE0053E697 /* Season.swift in Sources */,
				3B131C2A2C9D51EE0053E697 /* BannerMovie.swift in Sources */,
				3B131C2B2C9D51EE0053E697 /* Genre.swift in Sources */,
				3B131C2C2C9D51EE0053E697 /* Profile.swift in Sources */,
				3B131C2D2C9D51EE0053E697 /* Movie.swift in Sources */,
				3B131C2E2C9D51EE0053E697 /* CategoryAge.swift in Sources */,
				3B131C2F2C9D51EE0053E697 /* Category.swift in Sources */,
				3B131C302C9D51EE0053E697 /* MainMovies.swift in Sources */,
				3B131C312C9D51EE0053E697 /* Screenshot.swift in Sources */,
				3B5173942C9D2C4900E988E5 /* TabBarController.swift in Sources */,
				3B5173802C9D2A8900E988E5 /* AppDelegate.swift in Sources */,
				3B5173822C9D2A8900E988E5 /* SceneDelegate.swift in Sources */,
				3BC7C04C2C9D383100BEB965 /* MovieTableViewCell.swift in Sources */,
			);
			runOnlyForDeploymentPostprocessing = 0;
		};
/* End PBXSourcesBuildPhase section */

/* Begin PBXVariantGroup section */
		3B51738A2C9D2A8A00E988E5 /* LaunchScreen.storyboard */ = {
			isa = PBXVariantGroup;
			children = (
				3B51738B2C9D2A8A00E988E5 /* Base */,
			);
			name = LaunchScreen.storyboard;
			sourceTree = "<group>";
		};
		3BC7C0732C9D46DA00BEB965 /* Localizable.strings */ = {
			isa = PBXVariantGroup;
			children = (
				3BC7C0702C9D46DA00BEB965 /* Localizable.strings */,
				3BC7C0712C9D46DA00BEB965 /* Localizable.strings */,
				3BC7C0722C9D46DA00BEB965 /* Localizable.strings */,
			);
			name = Localizable.strings;
			sourceTree = "<group>";
		};
/* End PBXVariantGroup section */

/* Begin XCBuildConfiguration section */
		3B51738E2C9D2A8A00E988E5 /* Debug */ = {
			isa = XCBuildConfiguration;
			buildSettings = {
				ALWAYS_SEARCH_USER_PATHS = NO;
				ASSETCATALOG_COMPILER_GENERATE_SWIFT_ASSET_SYMBOL_EXTENSIONS = YES;
				CLANG_ANALYZER_NONNULL = YES;
				CLANG_ANALYZER_NUMBER_OBJECT_CONVERSION = YES_AGGRESSIVE;
				CLANG_CXX_LANGUAGE_STANDARD = "gnu++20";
				CLANG_ENABLE_MODULES = YES;
				CLANG_ENABLE_OBJC_ARC = YES;
				CLANG_ENABLE_OBJC_WEAK = YES;
				CLANG_WARN_BLOCK_CAPTURE_AUTORELEASING = YES;
				CLANG_WARN_BOOL_CONVERSION = YES;
				CLANG_WARN_COMMA = YES;
				CLANG_WARN_CONSTANT_CONVERSION = YES;
				CLANG_WARN_DEPRECATED_OBJC_IMPLEMENTATIONS = YES;
				CLANG_WARN_DIRECT_OBJC_ISA_USAGE = YES_ERROR;
				CLANG_WARN_DOCUMENTATION_COMMENTS = YES;
				CLANG_WARN_EMPTY_BODY = YES;
				CLANG_WARN_ENUM_CONVERSION = YES;
				CLANG_WARN_INFINITE_RECURSION = YES;
				CLANG_WARN_INT_CONVERSION = YES;
				CLANG_WARN_NON_LITERAL_NULL_CONVERSION = YES;
				CLANG_WARN_OBJC_IMPLICIT_RETAIN_SELF = YES;
				CLANG_WARN_OBJC_LITERAL_CONVERSION = YES;
				CLANG_WARN_OBJC_ROOT_CLASS = YES_ERROR;
				CLANG_WARN_QUOTED_INCLUDE_IN_FRAMEWORK_HEADER = YES;
				CLANG_WARN_RANGE_LOOP_ANALYSIS = YES;
				CLANG_WARN_STRICT_PROTOTYPES = YES;
				CLANG_WARN_SUSPICIOUS_MOVE = YES;
				CLANG_WARN_UNGUARDED_AVAILABILITY = YES_AGGRESSIVE;
				CLANG_WARN_UNREACHABLE_CODE = YES;
				CLANG_WARN__DUPLICATE_METHOD_MATCH = YES;
				COPY_PHASE_STRIP = NO;
				DEBUG_INFORMATION_FORMAT = dwarf;
				ENABLE_STRICT_OBJC_MSGSEND = YES;
				ENABLE_TESTABILITY = YES;
				ENABLE_USER_SCRIPT_SANDBOXING = NO;
				GCC_C_LANGUAGE_STANDARD = gnu17;
				GCC_DYNAMIC_NO_PIC = NO;
				GCC_NO_COMMON_BLOCKS = YES;
				GCC_OPTIMIZATION_LEVEL = 0;
				GCC_PREPROCESSOR_DEFINITIONS = (
					"DEBUG=1",
					"$(inherited)",
				);
				GCC_WARN_64_TO_32_BIT_CONVERSION = YES;
				GCC_WARN_ABOUT_RETURN_TYPE = YES_ERROR;
				GCC_WARN_UNDECLARED_SELECTOR = YES;
				GCC_WARN_UNINITIALIZED_AUTOS = YES_AGGRESSIVE;
				GCC_WARN_UNUSED_FUNCTION = YES;
				GCC_WARN_UNUSED_VARIABLE = YES;
				IPHONEOS_DEPLOYMENT_TARGET = 15.6;
				LOCALIZATION_PREFERS_STRING_CATALOGS = YES;
				MTL_ENABLE_DEBUG_INFO = INCLUDE_SOURCE;
				MTL_FAST_MATH = YES;
				ONLY_ACTIVE_ARCH = YES;
				SDKROOT = iphoneos;
				SWIFT_ACTIVE_COMPILATION_CONDITIONS = "DEBUG $(inherited)";
				SWIFT_OPTIMIZATION_LEVEL = "-Onone";
			};
			name = Debug;
		};
		3B51738F2C9D2A8A00E988E5 /* Release */ = {
			isa = XCBuildConfiguration;
			buildSettings = {
				ALWAYS_SEARCH_USER_PATHS = NO;
				ASSETCATALOG_COMPILER_GENERATE_SWIFT_ASSET_SYMBOL_EXTENSIONS = YES;
				CLANG_ANALYZER_NONNULL = YES;
				CLANG_ANALYZER_NUMBER_OBJECT_CONVERSION = YES_AGGRESSIVE;
				CLANG_CXX_LANGUAGE_STANDARD = "gnu++20";
				CLANG_ENABLE_MODULES = YES;
				CLANG_ENABLE_OBJC_ARC = YES;
				CLANG_ENABLE_OBJC_WEAK = YES;
				CLANG_WARN_BLOCK_CAPTURE_AUTORELEASING = YES;
				CLANG_WARN_BOOL_CONVERSION = YES;
				CLANG_WARN_COMMA = YES;
				CLANG_WARN_CONSTANT_CONVERSION = YES;
				CLANG_WARN_DEPRECATED_OBJC_IMPLEMENTATIONS = YES;
				CLANG_WARN_DIRECT_OBJC_ISA_USAGE = YES_ERROR;
				CLANG_WARN_DOCUMENTATION_COMMENTS = YES;
				CLANG_WARN_EMPTY_BODY = YES;
				CLANG_WARN_ENUM_CONVERSION = YES;
				CLANG_WARN_INFINITE_RECURSION = YES;
				CLANG_WARN_INT_CONVERSION = YES;
				CLANG_WARN_NON_LITERAL_NULL_CONVERSION = YES;
				CLANG_WARN_OBJC_IMPLICIT_RETAIN_SELF = YES;
				CLANG_WARN_OBJC_LITERAL_CONVERSION = YES;
				CLANG_WARN_OBJC_ROOT_CLASS = YES_ERROR;
				CLANG_WARN_QUOTED_INCLUDE_IN_FRAMEWORK_HEADER = YES;
				CLANG_WARN_RANGE_LOOP_ANALYSIS = YES;
				CLANG_WARN_STRICT_PROTOTYPES = YES;
				CLANG_WARN_SUSPICIOUS_MOVE = YES;
				CLANG_WARN_UNGUARDED_AVAILABILITY = YES_AGGRESSIVE;
				CLANG_WARN_UNREACHABLE_CODE = YES;
				CLANG_WARN__DUPLICATE_METHOD_MATCH = YES;
				COPY_PHASE_STRIP = NO;
				DEBUG_INFORMATION_FORMAT = "dwarf-with-dsym";
				ENABLE_NS_ASSERTIONS = NO;
				ENABLE_STRICT_OBJC_MSGSEND = YES;
				ENABLE_USER_SCRIPT_SANDBOXING = NO;
				GCC_C_LANGUAGE_STANDARD = gnu17;
				GCC_NO_COMMON_BLOCKS = YES;
				GCC_WARN_64_TO_32_BIT_CONVERSION = YES;
				GCC_WARN_ABOUT_RETURN_TYPE = YES_ERROR;
				GCC_WARN_UNDECLARED_SELECTOR = YES;
				GCC_WARN_UNINITIALIZED_AUTOS = YES_AGGRESSIVE;
				GCC_WARN_UNUSED_FUNCTION = YES;
				GCC_WARN_UNUSED_VARIABLE = YES;
				IPHONEOS_DEPLOYMENT_TARGET = 15.6;
				LOCALIZATION_PREFERS_STRING_CATALOGS = YES;
				MTL_ENABLE_DEBUG_INFO = NO;
				MTL_FAST_MATH = YES;
				SDKROOT = iphoneos;
				SWIFT_COMPILATION_MODE = wholemodule;
				VALIDATE_PRODUCT = YES;
			};
			name = Release;
		};
		3B5173912C9D2A8A00E988E5 /* Debug */ = {
			isa = XCBuildConfiguration;
			baseConfigurationReference = 064E9F0378BCC931C454363D /* Pods-Ozinshe-SnapKit.debug.xcconfig */;
			buildSettings = {
				ASSETCATALOG_COMPILER_APPICON_NAME = AppIcon;
				ASSETCATALOG_COMPILER_GLOBAL_ACCENT_COLOR_NAME = AccentColor;
				CODE_SIGN_STYLE = Automatic;
				CURRENT_PROJECT_VERSION = 1;
				GENERATE_INFOPLIST_FILE = YES;
				INFOPLIST_FILE = "Ozinshe-SnapKit/Info.plist";
				INFOPLIST_KEY_UIApplicationSupportsIndirectInputEvents = YES;
				INFOPLIST_KEY_UILaunchStoryboardName = LaunchScreen;
				INFOPLIST_KEY_UISupportedInterfaceOrientations_iPad = "UIInterfaceOrientationPortrait UIInterfaceOrientationPortraitUpsideDown UIInterfaceOrientationLandscapeLeft UIInterfaceOrientationLandscapeRight";
				INFOPLIST_KEY_UISupportedInterfaceOrientations_iPhone = "UIInterfaceOrientationPortrait UIInterfaceOrientationLandscapeLeft UIInterfaceOrientationLandscapeRight";
				LD_RUNPATH_SEARCH_PATHS = (
					"$(inherited)",
					"@executable_path/Frameworks",
				);
				MARKETING_VERSION = 1.0;
				PRODUCT_BUNDLE_IDENTIFIER = "winter.Ozinshe-SnapKit";
				PRODUCT_NAME = "$(TARGET_NAME)";
				SWIFT_EMIT_LOC_STRINGS = YES;
				SWIFT_VERSION = 5.0;
				TARGETED_DEVICE_FAMILY = 1;
			};
			name = Debug;
		};
		3B5173922C9D2A8A00E988E5 /* Release */ = {
			isa = XCBuildConfiguration;
			baseConfigurationReference = 1616243F768B7DFC96557762 /* Pods-Ozinshe-SnapKit.release.xcconfig */;
			buildSettings = {
				ASSETCATALOG_COMPILER_APPICON_NAME = AppIcon;
				ASSETCATALOG_COMPILER_GLOBAL_ACCENT_COLOR_NAME = AccentColor;
				CODE_SIGN_STYLE = Automatic;
				CURRENT_PROJECT_VERSION = 1;
				GENERATE_INFOPLIST_FILE = YES;
				INFOPLIST_FILE = "Ozinshe-SnapKit/Info.plist";
				INFOPLIST_KEY_UIApplicationSupportsIndirectInputEvents = YES;
				INFOPLIST_KEY_UILaunchStoryboardName = LaunchScreen;
				INFOPLIST_KEY_UISupportedInterfaceOrientations_iPad = "UIInterfaceOrientationPortrait UIInterfaceOrientationPortraitUpsideDown UIInterfaceOrientationLandscapeLeft UIInterfaceOrientationLandscapeRight";
				INFOPLIST_KEY_UISupportedInterfaceOrientations_iPhone = "UIInterfaceOrientationPortrait UIInterfaceOrientationLandscapeLeft UIInterfaceOrientationLandscapeRight";
				LD_RUNPATH_SEARCH_PATHS = (
					"$(inherited)",
					"@executable_path/Frameworks",
				);
				MARKETING_VERSION = 1.0;
				PRODUCT_BUNDLE_IDENTIFIER = "winter.Ozinshe-SnapKit";
				PRODUCT_NAME = "$(TARGET_NAME)";
				SWIFT_EMIT_LOC_STRINGS = YES;
				SWIFT_VERSION = 5.0;
				TARGETED_DEVICE_FAMILY = 1;
			};
			name = Release;
		};
/* End XCBuildConfiguration section */

/* Begin XCConfigurationList section */
		3B5173772C9D2A8900E988E5 /* Build configuration list for PBXProject "Ozinshe-SnapKit" */ = {
			isa = XCConfigurationList;
			buildConfigurations = (
				3B51738E2C9D2A8A00E988E5 /* Debug */,
				3B51738F2C9D2A8A00E988E5 /* Release */,
			);
			defaultConfigurationIsVisible = 0;
			defaultConfigurationName = Release;
		};
		3B5173902C9D2A8A00E988E5 /* Build configuration list for PBXNativeTarget "Ozinshe-SnapKit" */ = {
			isa = XCConfigurationList;
			buildConfigurations = (
				3B5173912C9D2A8A00E988E5 /* Debug */,
				3B5173922C9D2A8A00E988E5 /* Release */,
			);
			defaultConfigurationIsVisible = 0;
			defaultConfigurationName = Release;
		};
/* End XCConfigurationList section */
	};
	rootObject = 3B5173742C9D2A8900E988E5 /* Project object */;
}
